# channels:
#   - conda-forge
#   - nodefaults

# dependencies:
#   - conda-lock >=1.2,<1.3
#   - mamba >=1.1.0,<1.2
#   - python >=3.11,<3.12
# dependencies: []

@EXPLICIT
https://conda.anaconda.org/conda-forge/osx-64/bzip2-1.0.8-h0d85af4_4.tar.bz2#37edc4e6304ca87316e160f5ca0bd1b5
https://conda.anaconda.org/conda-forge/osx-64/c-ares-1.18.1-h0d85af4_0.tar.bz2#00b3e98a61e6430808fe7a2534681f28
https://conda.anaconda.org/conda-forge/osx-64/ca-certificates-2022.9.24-h033912b_0.tar.bz2#67b268c32433047914482def1ce215c2
https://conda.anaconda.org/conda-forge/osx-64/libcxx-14.0.6-hccf4f1f_0.tar.bz2#208a6a874b073277374de48a782f6b10
https://conda.anaconda.org/conda-forge/osx-64/libev-4.33-haf1e3a3_1.tar.bz2#79dc2be110b2a3d1e97ec21f691c50ad
https://conda.anaconda.org/conda-forge/osx-64/libffi-3.4.2-h0d85af4_5.tar.bz2#ccb34fb14960ad8b125962d3d79b31a9
https://conda.anaconda.org/conda-forge/osx-64/libiconv-1.17-hac89ed1_0.tar.bz2#691d103d11180486154af49c037b7ed9
https://conda.anaconda.org/conda-forge/osx-64/libzlib-1.2.13-hfd90126_4.tar.bz2#35eb3fce8d51ed3c1fd4122bad48250b
https://conda.anaconda.org/conda-forge/osx-64/lzo-2.10-haf1e3a3_1000.tar.bz2#0b6bca372a95d6c602c7a922e928ce79
https://conda.anaconda.org/conda-forge/osx-64/ncurses-6.3-h96cf925_1.tar.bz2#76217ebfbb163ff2770a261f955a5861
https://conda.anaconda.org/conda-forge/noarch/pybind11-abi-4-hd8ed1ab_3.tar.bz2#878f923dd6acc8aeb47a75da6c4098be
https://conda.anaconda.org/conda-forge/osx-64/python_abi-3.11-3_cp311.conda#5e0a069a585445333868d2c6651c3b3f
https://conda.anaconda.org/conda-forge/osx-64/reproc-14.2.3-h0d85af4_0.tar.bz2#6f87f4707e4daf5823ce56dce5d9fbea
https://conda.anaconda.org/conda-forge/noarch/tzdata-2022g-h191b570_0.conda#51fc4fcfb19f5d95ffc8c339db5068e8
https://conda.anaconda.org/conda-forge/osx-64/xz-5.2.6-h775f41a_0.tar.bz2#a72f9d4ea13d55d745ff1ed594747f10
https://conda.anaconda.org/conda-forge/osx-64/yaml-0.2.5-h0d85af4_2.tar.bz2#d7e08fcf8259d742156188e8762b4d20
https://conda.anaconda.org/conda-forge/osx-64/fmt-9.1.0-hb8565cd_0.tar.bz2#310d897883dbdd88555d6321a4c2e6e8
https://conda.anaconda.org/conda-forge/osx-64/icu-70.1-h96cf925_0.tar.bz2#376635049e9b9b0bb875efd39dcd7b3b
https://conda.anaconda.org/conda-forge/osx-64/libedit-3.1.20191231-h0678c8f_2.tar.bz2#6016a8a1d0e63cac3de2c352cd40208b
https://conda.anaconda.org/conda-forge/osx-64/libsolv-0.7.22-hd9580d2_0.tar.bz2#068ed0617893ecbccbf65a32ea1e8056
https://conda.anaconda.org/conda-forge/osx-64/libsqlite-3.40.0-ha978bb4_0.tar.bz2#ceb13b6726534b96e3b4e3dda91e9050
https://conda.anaconda.org/conda-forge/osx-64/lz4-c-1.9.3-he49afe7_1.tar.bz2#05c08241b66631c00ca4f9e0b75320bc
https://conda.anaconda.org/conda-forge/osx-64/openssl-3.0.7-hfd90126_1.conda#7a3fb6d40e0aa5dbb5b4ef54462f00a8
https://conda.anaconda.org/conda-forge/osx-64/readline-8.1.2-h3899abd_0.tar.bz2#89fa404901fa8fb7d4f4e07083b8d635
https://conda.anaconda.org/conda-forge/osx-64/reproc-cpp-14.2.3-he49afe7_0.tar.bz2#7dafcfaa471cd16cbd73832cefc39770
https://conda.anaconda.org/conda-forge/osx-64/tk-8.6.12-h5dbffcc_0.tar.bz2#8e9480d9c47061db2ed1b4ecce519a7f
https://conda.anaconda.org/conda-forge/osx-64/yaml-cpp-0.7.0-hf0c8a7f_2.tar.bz2#06c92b93b45ed2c842eb0893c5d2552a
https://conda.anaconda.org/conda-forge/osx-64/zstd-1.5.2-hfa58983_4.tar.bz2#0b446e84f3ccf085e590dc1f73eebe3f
https://conda.anaconda.org/conda-forge/osx-64/krb5-1.19.3-hb98e516_0.tar.bz2#8acf20165e07870bc65510a363ff45bb
https://conda.anaconda.org/conda-forge/osx-64/libnghttp2-1.47.0-h5aae05b_1.tar.bz2#19d5ae4be3e4b3cfa5696f3667e8c631
https://conda.anaconda.org/conda-forge/osx-64/libssh2-1.10.0-h47af595_3.tar.bz2#5a28624eeb7812b585b9e2d75f846ba2
https://conda.anaconda.org/conda-forge/osx-64/libxml2-2.10.3-hb9e07b5_0.tar.bz2#13ba8bf8f44cdac2e5401dac20a36040
https://conda.anaconda.org/conda-forge/osx-64/python-3.11.0-h559f36b_0_cpython.tar.bz2#9eac7bb07be3725945c23c4ae90f9faa
https://conda.anaconda.org/conda-forge/noarch/appdirs-1.4.4-pyh9f0ad1d_0.tar.bz2#5f095bc6454094e96f146491fd03633b
https://conda.anaconda.org/conda-forge/noarch/cachy-0.3.0-pyhd8ed1ab_1.tar.bz2#5dfee17f24e2dfd18d7392b48c9351e2
https://conda.anaconda.org/conda-forge/noarch/certifi-2022.9.24-pyhd8ed1ab_0.tar.bz2#f66309b099374af91369e67e84af397d
https://conda.anaconda.org/conda-forge/noarch/charset-normalizer-2.1.1-pyhd8ed1ab_0.tar.bz2#c1d5b294fbf9a795dec349a6f4d8be8e
https://conda.anaconda.org/conda-forge/noarch/click-8.1.3-unix_pyhd8ed1ab_2.tar.bz2#20e4087407c7cb04a40817114b333dbf
https://conda.anaconda.org/conda-forge/noarch/crashtest-0.3.1-pyhd8ed1ab_0.tar.bz2#b8477552274c1cfdb533e954c76523f1
https://conda.anaconda.org/conda-forge/noarch/distlib-0.3.6-pyhd8ed1ab_0.tar.bz2#b65b4d50dbd2d50fa0aeac367ec9eed7
https://conda.anaconda.org/conda-forge/noarch/filelock-3.8.2-pyhd8ed1ab_0.conda#0f09c2bc17ddd8732be8e5b99297c7ce
https://conda.anaconda.org/conda-forge/noarch/idna-3.4-pyhd8ed1ab_0.tar.bz2#34272b248891bddccc64479f9a7fffed
https://conda.anaconda.org/conda-forge/osx-64/libarchive-3.5.2-hbf7dfe4_3.tar.bz2#57f1c0e98ad3d4836d66d457f3690dc9
https://conda.anaconda.org/conda-forge/osx-64/libcurl-7.86.0-h581aaea_1.tar.bz2#af83102fc53762fb78e27657b540756f
https://conda.anaconda.org/conda-forge/osx-64/markupsafe-2.1.1-py311h5547dcb_2.tar.bz2#cd912231195461aa21aa4e8f1eff1276
https://conda.anaconda.org/conda-forge/noarch/more-itertools-9.0.0-pyhd8ed1ab_0.tar.bz2#9b6ad26944f19f599800b068e0582227
https://conda.anaconda.org/conda-forge/osx-64/msgpack-python-1.0.4-py311hd2070f0_1.tar.bz2#e91973b43c03d74de80de087ff46e393
https://conda.anaconda.org/conda-forge/noarch/pastel-0.2.1-pyhd8ed1ab_0.tar.bz2#a4eea5bff523f26442405bc5d1f52adb
https://conda.anaconda.org/conda-forge/noarch/pkginfo-1.9.2-pyhd8ed1ab_0.conda#8fb2779f1ab2ce91e893f31a36fbcbfa
https://conda.anaconda.org/conda-forge/noarch/platformdirs-2.5.2-pyhd8ed1ab_1.tar.bz2#2fb3f88922e7aec26ba652fcdfe13950
https://conda.anaconda.org/conda-forge/osx-64/pycosat-0.6.4-py311h5547dcb_1.tar.bz2#229e642050372d50ebdc24e2265ce8b2
https://conda.anaconda.org/conda-forge/noarch/pycparser-2.21-pyhd8ed1ab_0.tar.bz2#076becd9e05608f8dc72757d5f3a91ff
https://conda.anaconda.org/conda-forge/noarch/pylev-1.4.0-pyhd8ed1ab_0.tar.bz2#edf8651c4379d9d1495ad6229622d150
https://conda.anaconda.org/conda-forge/noarch/pyparsing-3.0.9-pyhd8ed1ab_0.tar.bz2#e8fbc1b54b25f4b08281467bc13b70cc
https://conda.anaconda.org/conda-forge/noarch/pysocks-1.7.1-pyha2e5f31_6.tar.bz2#2a7de29fb590ca14b5243c4c812c8025
https://conda.anaconda.org/conda-forge/osx-64/pyyaml-6.0-py311h5547dcb_5.tar.bz2#8d1e456914ce961119b07f396187a564
https://conda.anaconda.org/conda-forge/osx-64/ruamel.yaml.clib-0.2.7-py311h5547dcb_1.conda#fdae97fc41b9e4aa53d644cca8ba6c54
https://conda.anaconda.org/conda-forge/osx-64/ruamel_yaml-0.15.80-py311h5547dcb_1008.tar.bz2#42c63993b1aaba9dc3c69a36e368d11c
https://conda.anaconda.org/conda-forge/noarch/setuptools-65.5.1-pyhd8ed1ab_0.tar.bz2#cfb8dc4d9d285ca5fb1177b9dd450e33
https://conda.anaconda.org/conda-forge/noarch/six-1.16.0-pyh6c4a22f_0.tar.bz2#e5f25f8dbc060e9a8d912e432202afc2
https://conda.anaconda.org/conda-forge/noarch/tomli-2.0.1-pyhd8ed1ab_0.tar.bz2#5844808ffab9ebdb694585b50ba02a96
https://conda.anaconda.org/conda-forge/noarch/toolz-0.12.0-pyhd8ed1ab_0.tar.bz2#92facfec94bc02d6ccf42e7173831a36
https://conda.anaconda.org/conda-forge/noarch/typing-3.10.0.0-pyhd8ed1ab_0.tar.bz2#e6573ac68718f17b9d4f5c8eda3190f2
https://conda.anaconda.org/conda-forge/noarch/typing_extensions-4.4.0-pyha770c72_0.tar.bz2#2d93b130d148d7fc77e583677792fc6a
https://conda.anaconda.org/conda-forge/noarch/webencodings-0.5.1-py_1.tar.bz2#3563be4c5611a44210d9ba0c16113136
https://conda.anaconda.org/conda-forge/noarch/zipp-3.11.0-pyhd8ed1ab_0.conda#09b5b885341697137879a4f039a9e5a1
https://conda.anaconda.org/conda-forge/osx-64/cffi-1.15.1-py311ha86e640_2.tar.bz2#6b2c5fa2e823356561717fc8b8ce3433
https://conda.anaconda.org/conda-forge/noarch/click-default-group-1.2.2-pyhd8ed1ab_1.tar.bz2#72a46ffc25701c173932fd55cf0965d3
https://conda.anaconda.org/conda-forge/noarch/clikit-0.6.2-pyh9f0ad1d_0.tar.bz2#159273f717a11e53b2656f8b6521a5e2
https://conda.anaconda.org/conda-forge/noarch/html5lib-1.1-pyh9f0ad1d_0.tar.bz2#b2355343d6315c892543200231d7154a
https://conda.anaconda.org/conda-forge/noarch/importlib-metadata-5.1.0-pyha770c72_0.conda#46a62e35b9ae515cf0e49afc7fe0e7ef
https://conda.anaconda.org/conda-forge/noarch/jaraco.classes-3.2.3-pyhd8ed1ab_0.tar.bz2#31e4a1506968d017229bdb64695013a1
https://conda.anaconda.org/conda-forge/noarch/jinja2-3.1.2-pyhd8ed1ab_1.tar.bz2#c8490ed5c70966d232fdd389d0dbed37
https://conda.anaconda.org/conda-forge/osx-64/libmamba-1.1.0-h8b63968_2.conda#b2f3194abef248954cbd738d602fc6a5
https://conda.anaconda.org/conda-forge/noarch/packaging-21.3-pyhd8ed1ab_0.tar.bz2#71f1ab2de48613876becddd496371c85
https://conda.anaconda.org/conda-forge/osx-64/ruamel.yaml-0.17.21-py311h5547dcb_2.tar.bz2#f5718d3aec1264762876c51fad9ae4bb
https://conda.anaconda.org/conda-forge/noarch/tomlkit-0.11.6-pyha770c72_0.tar.bz2#471bf9e605820b59988e830382b8d654
https://conda.anaconda.org/conda-forge/noarch/typing-extensions-4.4.0-hd8ed1ab_0.tar.bz2#be969210b61b897775a0de63cd9e9026
https://conda.anaconda.org/conda-forge/osx-64/virtualenv-20.17.0-py311h6eed73b_0.conda#c3b557fa52fbfd60772429875906dc26
https://conda.anaconda.org/conda-forge/osx-64/brotlipy-0.7.0-py311h5547dcb_1005.tar.bz2#5f97ac938a90d06eebea42c321abe0d7
https://conda.anaconda.org/conda-forge/osx-64/cryptography-38.0.4-py311h61927ef_0.conda#d7415ad7ae6c27050886ab2b583f09ca
https://conda.anaconda.org/conda-forge/noarch/importlib_metadata-5.1.0-hd8ed1ab_0.conda#3dc2248927de739b4d2e2da9a9972bfe
https://conda.anaconda.org/conda-forge/osx-64/libmambapy-1.1.0-py311hcc19a12_2.conda#cc99f203f28f3a4826657de7a4bab9d7
https://conda.anaconda.org/conda-forge/osx-64/pydantic-1.10.2-py311h5547dcb_1.tar.bz2#edb88a2277e81771adbf5f043e45e9c3
https://conda.anaconda.org/conda-forge/osx-64/zstandard-0.19.0-py311hebd4beb_1.conda#b0d4f55c803038fd429494acf684e6ef
https://conda.anaconda.org/conda-forge/noarch/conda-package-streaming-0.7.0-pyhd8ed1ab_1.conda#1a2fa9e53cfbc2e4d9ab21990805a436
https://conda.anaconda.org/conda-forge/osx-64/keyring-23.11.0-py311h6eed73b_0.tar.bz2#d2cad432958c07e3b3999a9a92d7f5e9
https://conda.anaconda.org/conda-forge/noarch/pyopenssl-22.1.0-pyhd8ed1ab_0.tar.bz2#fbfa0a180d48c800f922a10a114a8632
https://conda.anaconda.org/conda-forge/noarch/conda-package-handling-2.0.2-pyh38be061_0.conda#44800e9bd13143292097c65e57323038
https://conda.anaconda.org/conda-forge/noarch/urllib3-1.26.13-pyhd8ed1ab_0.conda#3078ef2359efd6ecadbc7e085c5e0592
https://conda.anaconda.org/conda-forge/noarch/requests-2.28.1-pyhd8ed1ab_1.tar.bz2#089382ee0e2dc2eae33a04cc3c2bddb0
https://conda.anaconda.org/conda-forge/noarch/cachecontrol-0.12.12-pyhd8ed1ab_1.tar.bz2#e4b40ac0d53e81ebf8892e3b3ca9c1cf
https://conda.anaconda.org/conda-forge/osx-64/conda-22.9.0-py311h6eed73b_2.tar.bz2#d18ef2c39925384887a22371e00b1160
https://conda.anaconda.org/conda-forge/noarch/ensureconda-1.4.3-pyhd8ed1ab_0.tar.bz2#c99ae3abf501990769047b4b40a98f17
https://conda.anaconda.org/conda-forge/noarch/conda-lock-1.2.1-pyhd8ed1ab_1.tar.bz2#7b1dde4760c5c554523fead6c2771af2
https://conda.anaconda.org/conda-forge/osx-64/mamba-1.1.0-py311h8082e30_2.conda#dfe1436cbf1bd76d461020d3c48659e0
