# This is an Anaconda project lock file.
# The lock file locks down exact versions of all your dependencies.
#
# In most cases, this file is automatically maintained by the `anaconda-project` command or GUI tools.
# It's best to keep this file in revision control (such as git or svn).
# The file is in YAML format, please see http://www.yaml.org/start.html for more.
#

#
# Set to false to ignore locked versions.
#
locking_enabled: true

#
# A key goes in here for each env spec.
#
env_specs:
  ipyelk:
    locked: false
  _lint:
    locked: false
  _utest:
    locked: false
  default:
    locked: true
    env_spec_hash: dd55ac5c70504129f612113e918f1ee56ed7deab
    platforms:
    - linux-64
    - osx-64
    - win-64
    packages:
      all:
      - apipkg=1.5=py_0
      - appdirs=1.4.4=pyh9f0ad1d_0
      - async-lru=1.0.2=py_0
      - async_generator=1.10=py_0
      - attrs=20.3.0=pyhd3deb0d_0
      - backcall=0.2.0=pyh9f0ad1d_0
      - backports.functools_lru_cache=1.6.1=py_0
      - backports=1.0=py_2
      - black=20.8b1=py_1
      - bleach=3.2.1=pyh9f0ad1d_0
      - click=7.1.2=pyh9f0ad1d_0
      - cloudpickle=1.6.0=py_0
      - colorama=0.4.4=pyh9f0ad1d_0
      - decorator=4.4.2=py_0
      - defusedxml=0.6.0=py_0
      - doit=0.33.1=py37hc8dfbb8_1
      - execnet=1.7.1=py_0
      - flake8=3.8.4=py_0
      - hypothesis-jsonschema=0.18.2=pyhd8ed1ab_0
      - hypothesis=5.41.5=pyhd8ed1ab_0
      - idna=2.10=pyh9f0ad1d_0
      - importlib-metadata=3.1.1=pyhd8ed1ab_0
      - importlib_metadata=3.1.1=hd8ed1ab_0
      - importnb=0.7.0=pyhd8ed1ab_0
      - iniconfig=1.1.1=pyh9f0ad1d_0
      - ipython_genutils=0.2.0=py_1
      - ipywidgets=7.5.1=pyh9f0ad1d_1
      - isort=4.3.21=py37hc8dfbb8_1
      - jinja2=2.11.2=pyh9f0ad1d_0
      - json5=0.9.5=pyh9f0ad1d_0
      - jupyter_client=6.1.7=py_0
      - jupyterlab=1.2.16=py_0
      - jupyterlab_pygments=0.1.2=pyh9f0ad1d_0
      - jupyterlab_server=1.2.0=py_0
      - mccabe=0.6.1=py_1
      - more-itertools=8.6.0=pyhd8ed1ab_0
      - mypy_extensions=0.4.3=py37hc8dfbb8_2
      - nbclient=0.5.1=py_0
      - nbformat=5.0.8=py_0
      - nest-asyncio=1.4.3=pyhd8ed1ab_0
      - networkx=2.5=py_0
      - packaging=20.7=pyhd3deb0d_0
      - parso=0.7.1=pyh9f0ad1d_0
      - pathspec=0.8.1=pyhd3deb0d_0
      - pip=20.3.1=pyhd8ed1ab_0
      - pkginfo=1.6.1=pyh9f0ad1d_0
      - prometheus_client=0.9.0=pyhd3deb0d_0
      - prompt-toolkit=3.0.8=pyha770c72_0
      - py=1.9.0=pyh9f0ad1d_0
      - pycodestyle=2.6.0=pyh9f0ad1d_0
      - pycparser=2.20=pyh9f0ad1d_2
      - pyflakes=2.2.0=pyh9f0ad1d_0
      - pygments=2.7.3=pyhd8ed1ab_0
      - pyopenssl=20.0.0=pyhd8ed1ab_0
      - pyparsing=2.4.7=pyh9f0ad1d_0
      - pytest-cov=2.10.1=pyh9f0ad1d_0
      - pytest-html=3.1.0=pyhd8ed1ab_0
      - pytest-metadata=1.11.0=pyhd3deb0d_0
      - pytest-xdist=2.1.0=py_0
      - python-dateutil=2.8.1=py_0
      - python_abi=3.7=1_cp37m
      - pytz=2020.4=pyhd8ed1ab_0
      - readme_renderer=27.0=pyh9f0ad1d_0
      - requests-toolbelt=0.9.1=py_0
      - requests=2.25.0=pyhd3deb0d_0
      - rfc3986=1.4.0=pyh9f0ad1d_0
      - send2trash=1.5.0=py_0
      - six=1.15.0=pyh9f0ad1d_0
      - sortedcontainers=2.3.0=pyhd8ed1ab_0
      - testpath=0.4.4=py_0
      - toml=0.10.2=pyhd8ed1ab_0
      - tqdm=4.54.1=pyhd8ed1ab_0
      - traitlets=5.0.5=py_0
      - twine=3.2.0=py37hc8dfbb8_1
      - typing_extensions=3.7.4.3=py_0
      - urllib3=1.25.11=py_0
      - wcwidth=0.2.5=pyh9f0ad1d_2
      - webencodings=0.5.1=py_1
      - wheel=0.36.1=pyhd3deb0d_0
      - zipp=3.4.0=py_0
      unix:
      - libblas=3.9.0=3_openblas
      - libcblas=3.9.0=3_openblas
      - liblapack=3.9.0=3_openblas
      linux-64:
      - _libgcc_mutex=0.1=conda_forge
      - _openmp_mutex=4.5=1_gnu
      - ansi2html=1.6.0=py37h89c1867_0
      - argon2-cffi=20.1.0=py37h8f50634_2
      - brotlipy=0.7.0=py37hb5d75c8_1001
      - ca-certificates=2020.12.5=ha878542_0
      - certifi=2020.12.5=py37h89c1867_0
      - cffi=1.14.4=py37hc58025e_1
      - chardet=3.0.4=py37he5f6b98_1008
      - cmarkgfm=0.4.2=py37h8f50634_3
      - coverage=5.3=py37h8f50634_1
      - cryptography=3.2.1=py37hc72a4ac_0
      - dataclasses=0.7=py37_0
      - dbus=1.13.18=hb2f20db_0
      - docutils=0.16=py37he5f6b98_2
      - entrypoints=0.3=py37hc8dfbb8_1002
      - expat=2.2.10=he6710b0_2
      - gettext=0.19.8.1=h0b5b191_1005
      - glib=2.66.3=h9c3ff4c_1
      - icu=68.1=h58526e2_0
      - importlib_resources=3.3.0=py37h89c1867_0
      - ipykernel=5.3.4=py37hc6149b9_1
      - ipython=7.19.0=py37h888b3d9_0
      - jedi=0.17.2=py37hc8dfbb8_1
      - jeepney=0.6.0=pyhd8ed1ab_0
      - jsonschema=3.2.0=py37hc8dfbb8_1
      - jupyter_core=4.7.0=py37h89c1867_0
      - keyring=21.5.0=py37h89c1867_0
      - ld_impl_linux-64=2.35.1=hed1e6ac_0
      - libffi=3.3=h58526e2_2
      - libgcc-ng=9.3.0=h5dbcf3e_17
      - libgfortran-ng=7.5.0=hae1eefd_17
      - libgfortran4=7.5.0=hae1eefd_17
      - libglib=2.66.3=h1f3bc88_1
      - libgomp=9.3.0=h5dbcf3e_17
      - libiconv=1.16=h516909a_0
      - libopenblas=0.3.12=pthreads_hb3c22a3_1
      - libsodium=1.0.18=h516909a_1
      - libstdcxx-ng=9.3.0=h2ae2ef3_17
      - libuv=1.40.0=hd18ef5c_0
      - markupsafe=1.1.1=py37hb5d75c8_2
      - mistune=0.8.4=py37h8f50634_1002
      - nbconvert=6.0.7=py37h89c1867_3
      - ncurses=6.2=h58526e2_4
      - nodejs=14.15.1=h25f6087_0
      - notebook=6.1.5=py37h89c1867_0
      - numpy=1.19.4=py37h7e9df27_1
      - openssl=1.1.1h=h516909a_0
      - pandas=1.1.5=py37hdc94413_0
      - pandoc=2.11.2=h36c2ea0_0
      - pandocfilters=1.4.3=py37h06a4308_1
      - pcre=8.44=he1b5a44_0
      - pexpect=4.8.0=py37hc8dfbb8_1
      - pickleshare=0.7.5=py37hc8dfbb8_1002
      - pluggy=0.13.1=py37he5f6b98_3
      - ptyprocess=0.6.0=py37_1000
      - pyinotify=0.9.6=py37hc8dfbb8_1002
      - pyrsistent=0.17.3=py37h8f50634_1
      - pysocks=1.7.1=py37he5f6b98_2
      - pytest-asyncio=0.14.0=py37h89c1867_0
      - pytest-forked=1.3.0=py_0
      - pytest=6.1.2=py37h89c1867_0
      - python=3.7.9=h7579374_0
      - pyzmq=20.0.0=py37h5a562af_1
      - readline=8.0=he28a2e2_2
      - regex=2020.11.13=py37h4abf009_0
      - secretstorage=3.3.0=py37h89c1867_0
      - setuptools=51.0.0=py37h06a4308_2
      - sqlite=3.34.0=h74cdb3f_0
      - terminado=0.9.1=py37hc8dfbb8_1
      - tk=8.6.10=hed695b0_1
      - tornado=6.1=py37h4abf009_0
      - typed-ast=1.4.1=py37h4abf009_1
      - widgetsnbextension=3.5.1=py37hc8dfbb8_4
      - xz=5.2.5=h516909a_1
      - zeromq=4.3.3=h58526e2_3
      - zlib=1.2.11=h516909a_1010
      osx-64:
      - ansi2html=1.6.0=py37hf985489_0
      - appnope=0.1.2=py37hf985489_0
      - argon2-cffi=20.1.0=py37h4b544eb_2
      - brotlipy=0.7.0=py37h395d20d_1001
      - ca-certificates=2020.12.5=h033912b_0
      - certifi=2020.12.5=py37hf985489_0
      - cffi=1.14.4=py37hc5b2277_1
      - chardet=3.0.4=py37h2987424_1008
      - cmarkgfm=0.4.2=py37h60d8a13_3
      - coverage=5.3=py37h60d8a13_1
      - cryptography=3.2.1=py37h3b7a55b_0
      - dataclasses=0.7=pyhb2cacf7_7
      - docutils=0.16=py37h2987424_2
      - entrypoints=0.3=pyhd8ed1ab_1003
      - icu=68.1=h74dc148_0
      - importlib_resources=3.3.0=py37hf985489_0
      - ipykernel=5.3.4=py37he01cfaa_1
      - ipython=7.19.0=py37he01cfaa_0
      - jedi=0.17.2=py37hf985489_1
      - jsonschema=3.2.0=py_2
      - jupyter_core=4.7.0=py37hf985489_0
      - keyring=21.5.0=py37hf985489_0
      - libcxx=11.0.0=h4c3b8ed_1
      - libffi=3.3=h046ec9c_2
      - libgfortran5=9.3.0=h7cc5361_13
      - libgfortran=5.0.0=h7cc5361_13
      - libopenblas=0.3.12=openmp_h54245bb_1
      - libsodium=1.0.18=hbcb3906_1
      - libuv=1.40.0=h22f3db7_0
      - llvm-openmp=11.0.0=h73239a0_1
      - macfsevents=0.8.1=py37h60d8a13_1001
      - markupsafe=1.1.1=py37h395d20d_2
      - mistune=0.8.4=py37h4b544eb_1002
      - nbconvert=6.0.7=py37hf985489_3
      - ncurses=6.2=h2e338ed_4
      - nodejs=14.15.1=heaeed3d_0
      - notebook=6.1.5=py37hf985489_0
      - numpy=1.19.4=py37h9ebeaaa_1
      - openssl=1.1.1h=haf1e3a3_0
      - pandas=1.1.5=py37h010c265_0
      - pandoc=2.11.2=hc929b4f_0
      - pandocfilters=1.4.2=py_1
      - pexpect=4.8.0=pyh9f0ad1d_2
      - pickleshare=0.7.5=py_1003
      - pluggy=0.13.1=py37h2987424_3
      - ptyprocess=0.6.0=py_1001
      - pyrsistent=0.17.3=py37h4b544eb_1
      - pysocks=1.7.1=py37h2987424_2
      - pytest-asyncio=0.14.0=py37hf985489_0
      - pytest-forked=1.2.0=pyh9f0ad1d_0
      - pytest=6.1.2=py37hf985489_0
      - python=3.7.8=h4f09611_3_cpython
      - pyzmq=20.0.0=py37h47fd9b3_1
      - readline=8.0=h0678c8f_2
      - regex=2020.11.13=py37h4b544eb_0
      - setuptools=49.6.0=py37h2987424_2
      - sqlite=3.34.0=h17101e1_0
      - terminado=0.9.1=py37hf985489_1
      - tk=8.6.10=hb0a8c7a_1
      - tornado=6.1=py37h4b544eb_0
      - typed-ast=1.4.1=py37h4b544eb_1
      - widgetsnbextension=3.5.1=py37hf985489_4
      - xz=5.2.5=haf1e3a3_1
      - zeromq=4.3.3=h74dc148_3
      - zlib=1.2.11=h7795811_1010
      win-64:
      - ansi2html=1.6.0=py37h03978a9_0
      - argon2-cffi=20.1.0=py37hcc03f2d_2
      - atomicwrites=1.4.0=pyh9f0ad1d_0
      - brotlipy=0.7.0=py37h0013d47_1001
      - ca-certificates=2020.12.5=h5b45459_0
      - certifi=2020.12.5=py37h03978a9_0
      - cffi=1.14.4=py37hd8e9650_1
      - chardet=3.0.4=py37hf50a25e_1008
      - cmarkgfm=0.4.2=py37h4ab8f01_3
      - coverage=5.3=py37h4ab8f01_1
      - cryptography=3.2.1=py37hd8e9650_0
      - dataclasses=0.7=pyhb2cacf7_7
      - docutils=0.16=py37hf50a25e_2
      - entrypoints=0.3=pyhd8ed1ab_1003
      - importlib_resources=3.3.0=py37h03978a9_0
      - intel-openmp=2020.3=h57928b3_311
      - ipykernel=5.3.4=py37h7b7c402_1
      - ipython=7.19.0=py37heaed05f_0
      - jedi=0.17.2=py37h03978a9_1
      - jsonschema=3.2.0=py_2
      - jupyter_core=4.7.0=py37h03978a9_0
      - keyring=21.5.0=py37h03978a9_0
      - libblas=3.8.0=21_mkl
      - libcblas=3.8.0=21_mkl
      - liblapack=3.8.0=21_mkl
      - libsodium=1.0.18=h8d14728_1
      - m2w64-gcc-libgfortran=5.3.0=6
      - m2w64-gcc-libs-core=5.3.0=7
      - m2w64-gcc-libs=5.3.0=7
      - m2w64-gmp=6.1.0=2
      - m2w64-libwinpthread-git=5.0.0.4634.697f757=2
      - markupsafe=1.1.1=py37h0013d47_2
      - mistune=0.8.4=py37hcc03f2d_1002
      - mkl=2020.4=hb70f87d_311
      - msys2-conda-epoch=20160418=1
      - nbconvert=6.0.7=py37h03978a9_3
      - nodejs=14.15.1=h57928b3_0
      - notebook=6.1.5=py37h03978a9_0
      - numpy=1.19.4=py37hd20adf4_1
      - openssl=1.1.1h=he774522_0
      - pandas=1.1.5=py37h08fd248_0
      - pandoc=2.11.2=h8ffe710_0
      - pandocfilters=1.4.2=py_1
      - pickleshare=0.7.5=py_1003
      - pluggy=0.13.1=py37hf50a25e_3
      - pyrsistent=0.17.3=py37hcc03f2d_1
      - pysocks=1.7.1=py37hf50a25e_2
      - pytest-asyncio=0.14.0=py37h03978a9_0
      - pytest-forked=1.2.0=pyh9f0ad1d_0
      - pytest=6.1.2=py37h03978a9_0
      - python=3.7.8=h7840368_3_cpython
      - pywin32-ctypes=0.2.0=py37hc8dfbb8_1002
      - pywin32=228=py37h4ab8f01_0
      - pywinpty=0.5.7=py37hc8dfbb8_1
      - pyzmq=20.0.0=py37h0d95fc2_1
      - regex=2020.11.13=py37hcc03f2d_0
      - setuptools=49.6.0=py37hf50a25e_2
      - sqlite=3.34.0=h8ffe710_0
      - terminado=0.9.1=py37h03978a9_1
      - tornado=6.1=py37hcc03f2d_0
      - typed-ast=1.4.1=py37hcc03f2d_1
      - vc=14.1=h869be7e_1
      - vs2015_runtime=14.16.27012=h30e32a0_2
      - widgetsnbextension=3.5.1=py37h03978a9_4
      - win_inet_pton=1.1.0=py37hc8dfbb8_1
      - wincertstore=0.2=py37hc8dfbb8_1005
      - winpty=0.4.3=4
      - zeromq=4.3.3=h0e60522_3
  atest:
    locked: true
    env_spec_hash: a3cbc653618884c4eb2c0cda4abc326eac9894ad
    platforms:
    - linux-64
    - osx-64
    - win-64
    packages:
      all:
      - idna=2.10=pyh9f0ad1d_0
      - pip=20.3=pyhd8ed1ab_0
      - pycparser=2.20=pyh9f0ad1d_2
      - pyopenssl=20.0.0=pyhd8ed1ab_0
      - python_abi=3.7=1_cp37m
      - robotframework-lint=1.1=pyh9f0ad1d_0
      - robotframework-pabot=1.10.0=py_0
      - robotframework-pythonlibcore=2.1.0=pyhd8ed1ab_1
      - robotframework-seleniumlibrary=4.5.0=pyh9f0ad1d_0
      - robotframework=3.2.2=pyh9f0ad1d_0
      - six=1.15.0=pyh9f0ad1d_0
      - urllib3=1.26.2=pyhd8ed1ab_0
      - wheel=0.36.0=pyhd3deb0d_0
      linux-64:
      - _libgcc_mutex=0.1=conda_forge
      - _openmp_mutex=4.5=1_gnu
      - brotlipy=0.7.0=py37hb5d75c8_1001
      - ca-certificates=2020.11.8=ha878542_0
      - certifi=2020.11.8=py37h89c1867_0
      - cffi=1.14.4=py37hc58025e_1
      - cryptography=3.2.1=py37hc72a4ac_0
      - firefox=83.0=h58526e2_0
      - geckodriver=0.28.0=h58526e2_0
      - ld_impl_linux-64=2.35.1=hed1e6ac_0
      - libffi=3.3=h58526e2_1
      - libgcc-ng=9.3.0=h5dbcf3e_17
      - libgomp=9.3.0=h5dbcf3e_17
      - libstdcxx-ng=9.3.0=h2ae2ef3_17
      - ncurses=6.2=h58526e2_4
      - openssl=1.1.1h=h516909a_0
      - pysocks=1.7.1=py37he5f6b98_2
      - python=3.7.8=hffdb5ce_3_cpython
      - readline=8.0=he28a2e2_2
      - selenium=3.141.0=py37h8f50634_1002
      - setuptools=49.6.0=py37he5f6b98_2
      - sqlite=3.34.0=h74cdb3f_0
      - tk=8.6.10=hed695b0_1
      - xz=5.2.5=h516909a_1
      - zlib=1.2.11=h516909a_1010
      osx-64:
      - brotlipy=0.7.0=py37h395d20d_1001
      - ca-certificates=2020.11.8=h033912b_0
      - certifi=2020.11.8=py37hf985489_0
      - cffi=1.14.4=py37hc5b2277_1
      - cryptography=3.2.1=py37h3b7a55b_0
      - firefox=83.0=h74dc148_0
      - geckodriver=0.28.0=h2e338ed_0
      - libcxx=11.0.0=h4c3b8ed_1
      - libffi=3.3=h74dc148_1
      - ncurses=6.2=h2e338ed_4
      - openssl=1.1.1h=haf1e3a3_0
      - pysocks=1.7.1=py37h2987424_2
      - python=3.7.8=h4f09611_3_cpython
      - readline=8.0=h0678c8f_2
      - selenium=3.141.0=py37h60d8a13_1002
      - setuptools=49.6.0=py37h2987424_2
      - sqlite=3.34.0=h17101e1_0
      - tk=8.6.10=hb0a8c7a_1
      - xz=5.2.5=haf1e3a3_1
      - zlib=1.2.11=h7795811_1010
      win-64:
      - brotlipy=0.7.0=py37h0013d47_1001
      - ca-certificates=2020.11.8=h5b45459_0
      - certifi=2020.11.8=py37h03978a9_0
      - cffi=1.14.4=py37hd8e9650_1
      - cryptography=3.2.1=py37hd8e9650_0
      - firefox=83.0=h0e60522_0
      - geckodriver=0.28.0=h39d44d4_0
      - openssl=1.1.1h=he774522_0
      - pysocks=1.7.1=py37hf50a25e_2
      - python=3.7.8=h7840368_3_cpython
      - selenium=3.141.0=py37h4ab8f01_1002
      - setuptools=49.6.0=py37hf50a25e_2
      - sqlite=3.34.0=h8ffe710_0
      - vc=14.1=h869be7e_1
      - vs2015_runtime=14.16.27012=h30e32a0_2
      - win_inet_pton=1.1.0=py37hc8dfbb8_1
      - wincertstore=0.2=py37hc8dfbb8_1005
