version: 5
environments:
  default:
    channels:
    - url: https://conda.anaconda.org/conda-forge/
    packages: {}
  lint:
    channels:
    - url: https://conda.anaconda.org/conda-forge/
    packages:
      linux-64:
      - conda: https://conda.anaconda.org/conda-forge/linux-64/_libgcc_mutex-0.1-conda_forge.tar.bz2
      - conda: https://conda.anaconda.org/conda-forge/linux-64/_openmp_mutex-4.5-2_gnu.tar.bz2
      - conda: https://conda.anaconda.org/conda-forge/linux-64/ca-certificates-2024.8.30-hbcca054_0.conda
      - conda: https://conda.anaconda.org/conda-forge/linux-64/libgcc-14.1.0-h77fa898_1.conda
      - conda: https://conda.anaconda.org/conda-forge/linux-64/libgomp-14.1.0-h77fa898_1.conda
      - conda: https://conda.anaconda.org/conda-forge/linux-64/openssl-3.3.2-hb9d3cd8_0.conda
      - conda: https://conda.anaconda.org/conda-forge/linux-64/taplo-0.9.3-h53e704d_1.conda
      osx-64:
      - conda: https://conda.anaconda.org/conda-forge/osx-64/ca-certificates-2024.8.30-h8857fd0_0.conda
      - conda: https://conda.anaconda.org/conda-forge/osx-64/openssl-3.3.2-hd23fc13_0.conda
      - conda: https://conda.anaconda.org/conda-forge/osx-64/taplo-0.9.3-hf3953a5_1.conda
      osx-arm64:
      - conda: https://conda.anaconda.org/conda-forge/osx-arm64/ca-certificates-2024.8.30-hf0a4a13_0.conda
      - conda: https://conda.anaconda.org/conda-forge/osx-arm64/openssl-3.3.2-h8359307_0.conda
      - conda: https://conda.anaconda.org/conda-forge/osx-arm64/taplo-0.9.3-hdf53557_1.conda
      win-64:
      - conda: https://conda.anaconda.org/conda-forge/win-64/taplo-0.9.3-ha073cba_1.conda
      - conda: https://conda.anaconda.org/conda-forge/win-64/ucrt-10.0.22621.0-h57928b3_1.conda
      - conda: https://conda.anaconda.org/conda-forge/win-64/vc-14.3-ha32ba9b_22.conda
      - conda: https://conda.anaconda.org/conda-forge/win-64/vc14_runtime-14.40.33810-hcc2c482_22.conda
packages:
- kind: conda
  name: _libgcc_mutex
  version: '0.1'
  build: conda_forge
  subdir: linux-64
  url: https://conda.anaconda.org/conda-forge/linux-64/_libgcc_mutex-0.1-conda_forge.tar.bz2
  sha256: fe51de6107f9edc7aa4f786a70f4a883943bc9d39b3bb7307c04c41410990726
  md5: d7c89558ba9fa0495403155b64376d81
  license: None
  size: 2562
  timestamp: 1578324546067
- kind: conda
  name: _openmp_mutex
  version: '4.5'
  build: 2_gnu
  build_number: 16
  subdir: linux-64
  url: https://conda.anaconda.org/conda-forge/linux-64/_openmp_mutex-4.5-2_gnu.tar.bz2
  sha256: fbe2c5e56a653bebb982eda4876a9178aedfc2b545f25d0ce9c4c0b508253d22
  md5: 73aaf86a425cc6e73fcf236a5a46396d
  depends:
  - _libgcc_mutex 0.1 conda_forge
  - libgomp >=7.5.0
  constrains:
  - openmp_impl 9999
  license: BSD-3-Clause
  license_family: BSD
  size: 23621
  timestamp: 1650670423406
- kind: conda
  name: ca-certificates
  version: 2024.8.30
  build: h8857fd0_0
  subdir: osx-64
  url: https://conda.anaconda.org/conda-forge/osx-64/ca-certificates-2024.8.30-h8857fd0_0.conda
  sha256: 593f302d0f44c2c771e1614ee6d56fffdc7d616e6f187669c8b0e34ffce3e1ae
  md5: b7e5424e7f06547a903d28e4651dbb21
  license: ISC
  size: 158665
  timestamp: 1725019059295
- kind: conda
  name: ca-certificates
  version: 2024.8.30
  build: hbcca054_0
  subdir: linux-64
  url: https://conda.anaconda.org/conda-forge/linux-64/ca-certificates-2024.8.30-hbcca054_0.conda
  sha256: afee721baa6d988e27fef1832f68d6f32ac8cc99cdf6015732224c2841a09cea
  md5: c27d1c142233b5bc9ca570c6e2e0c244
  license: ISC
  size: 159003
  timestamp: 1725018903918
- kind: conda
  name: ca-certificates
  version: 2024.8.30
  build: hf0a4a13_0
  subdir: osx-arm64
  url: https://conda.anaconda.org/conda-forge/osx-arm64/ca-certificates-2024.8.30-hf0a4a13_0.conda
  sha256: 2db1733f4b644575dbbdd7994a8f338e6ef937f5ebdb74acd557e9dda0211709
  md5: 40dec13fd8348dbe303e57be74bd3d35
  license: ISC
  size: 158482
  timestamp: 1725019034582
- kind: conda
  name: libgcc
  version: 14.1.0
  build: h77fa898_1
  build_number: 1
  subdir: linux-64
  url: https://conda.anaconda.org/conda-forge/linux-64/libgcc-14.1.0-h77fa898_1.conda
  sha256: 10fa74b69266a2be7b96db881e18fa62cfa03082b65231e8d652e897c4b335a3
  md5: 002ef4463dd1e2b44a94a4ace468f5d2
  depends:
  - _libgcc_mutex 0.1 conda_forge
  - _openmp_mutex >=4.5
  constrains:
  - libgomp 14.1.0 h77fa898_1
  - libgcc-ng ==14.1.0=*_1
  license: GPL-3.0-only WITH GCC-exception-3.1
  license_family: GPL
  size: 846380
  timestamp: 1724801836552
- kind: conda
  name: libgomp
  version: 14.1.0
  build: h77fa898_1
  build_number: 1
  subdir: linux-64
  url: https://conda.anaconda.org/conda-forge/linux-64/libgomp-14.1.0-h77fa898_1.conda
  sha256: c96724c8ae4ee61af7674c5d9e5a3fbcf6cd887a40ad5a52c99aa36f1d4f9680
  md5: 23c255b008c4f2ae008f81edcabaca89
  depends:
  - _libgcc_mutex 0.1 conda_forge
  license: GPL-3.0-only WITH GCC-exception-3.1
  license_family: GPL
  size: 460218
  timestamp: 1724801743478
- kind: conda
  name: openssl
  version: 3.3.2
  build: h8359307_0
  subdir: osx-arm64
  url: https://conda.anaconda.org/conda-forge/osx-arm64/openssl-3.3.2-h8359307_0.conda
  sha256: 940fa01c4dc6152158fe8943e05e55a1544cab639df0994e3b35937839e4f4d1
  md5: 1773ebccdc13ec603356e8ff1db9e958
  depends:
  - __osx >=11.0
  - ca-certificates
  license: Apache-2.0
  license_family: Apache
  size: 2882450
  timestamp: 1725410638874
- kind: conda
  name: openssl
  version: 3.3.2
  build: hb9d3cd8_0
  subdir: linux-64
  url: https://conda.anaconda.org/conda-forge/linux-64/openssl-3.3.2-hb9d3cd8_0.conda
  sha256: cee91036686419f6dd6086902acf7142b4916e1c4ba042e9ca23e151da012b6d
  md5: 4d638782050ab6faa27275bed57e9b4e
  depends:
  - __glibc >=2.17,<3.0.a0
  - ca-certificates
  - libgcc >=13
  license: Apache-2.0
  license_family: Apache
  size: 2891789
  timestamp: 1725410790053
- kind: conda
  name: openssl
  version: 3.3.2
  build: hd23fc13_0
  subdir: osx-64
  url: https://conda.anaconda.org/conda-forge/osx-64/openssl-3.3.2-hd23fc13_0.conda
  sha256: 2b75d4b56e45992adf172b158143742daeb316c35274b36f385ccb6644e93268
  md5: 2ff47134c8e292868a4609519b1ea3b6
  depends:
  - __osx >=10.13
  - ca-certificates
  license: Apache-2.0
  license_family: Apache
  size: 2544654
  timestamp: 1725410973572
- kind: conda
  name: taplo
  version: 0.9.3
  build: h53e704d_1
  build_number: 1
  subdir: linux-64
  url: https://conda.anaconda.org/conda-forge/linux-64/taplo-0.9.3-h53e704d_1.conda
  sha256: c6043d0e7df9bf3a4752cf965c04586e268040a563aaa97e60279e87b1da4b7b
  md5: b8a6d8df78c43e3ffd4459313c9bcf84
  depends:
  - __glibc >=2.17,<3.0.a0
  - libgcc >=13
  - openssl >=3.3.2,<4.0a0
  constrains:
  - __glibc >=2.17
  license: MIT
  license_family: MIT
  size: 3835339
  timestamp: 1727786201305
- kind: conda
  name: taplo
  version: 0.9.3
  build: ha073cba_1
  build_number: 1
  subdir: win-64
  url: https://conda.anaconda.org/conda-forge/win-64/taplo-0.9.3-ha073cba_1.conda
  sha256: 92a705d40a3ab1587058049ac1ad22a9c1e372dfa4f3788730393c776b5af84b
  md5: d4d5e0723a7b8f53e04ea65b374ba3a9
  depends:
  - ucrt >=10.0.20348.0
  - vc >=14.2,<15
  - vc14_runtime >=14.29.30139
  license: MIT
  license_family: MIT
  size: 3862809
  timestamp: 1727787217223
- kind: conda
  name: taplo
  version: 0.9.3
  build: hdf53557_1
  build_number: 1
  subdir: osx-arm64
  url: https://conda.anaconda.org/conda-forge/osx-arm64/taplo-0.9.3-hdf53557_1.conda
  sha256: 5dd8f44aa881f45821c4d460ba20a6c6b2ac9564fd4682c48ff5d8048f6afeef
  md5: c6ab80dfebf091636c1e0570660e368c
  depends:
  - __osx >=11.0
  - openssl >=3.3.2,<4.0a0
  constrains:
  - __osx >=11.0
  license: MIT
  license_family: MIT
  size: 3522930
  timestamp: 1727786418703
- kind: conda
  name: taplo
  version: 0.9.3
  build: hf3953a5_1
  build_number: 1
  subdir: osx-64
  url: https://conda.anaconda.org/conda-forge/osx-64/taplo-0.9.3-hf3953a5_1.conda
  sha256: 76cc103c5b785887a519c2bb04b68bea170d3a061331170ea5f15615df0af354
  md5: 9ac41cb4cb31a6187d7336e16d1dab8f
  depends:
  - __osx >=10.13
  - openssl >=3.3.2,<4.0a0
  constrains:
  - __osx >=10.13
  license: MIT
  license_family: MIT
  size: 3738226
  timestamp: 1727786378888
- kind: conda
  name: ucrt
  version: 10.0.22621.0
  build: h57928b3_1
  build_number: 1
  subdir: win-64
  url: https://conda.anaconda.org/conda-forge/win-64/ucrt-10.0.22621.0-h57928b3_1.conda
  sha256: db8dead3dd30fb1a032737554ce91e2819b43496a0db09927edf01c32b577450
  md5: 6797b005cd0f439c4c5c9ac565783700
  constrains:
  - vs2015_runtime >=14.29.30037
  license: LicenseRef-MicrosoftWindowsSDK10
  size: 559710
  timestamp: 1728377334097
- kind: conda
  name: vc
  version: '14.3'
  build: ha32ba9b_22
  build_number: 22
  subdir: win-64
  url: https://conda.anaconda.org/conda-forge/win-64/vc-14.3-ha32ba9b_22.conda
  sha256: 2a47c5bd8bec045959afada7063feacd074ad66b170c1ea92dd139b389fcf8fd
  md5: 311c9ba1dfdd2895a8cb08346ff26259
  depends:
  - vc14_runtime >=14.38.33135
  track_features:
  - vc14
  license: BSD-3-Clause
  license_family: BSD
  size: 17447
  timestamp: 1728400826998
- kind: conda
  name: vc14_runtime
  version: 14.40.33810
  build: hcc2c482_22
  build_number: 22
  subdir: win-64
  url: https://conda.anaconda.org/conda-forge/win-64/vc14_runtime-14.40.33810-hcc2c482_22.conda
  sha256: 4c669c65007f88a7cdd560192f7e6d5679d191ac71610db724e18b2410964d64
  md5: ce23a4b980ee0556a118ed96550ff3f3
  depends:
  - ucrt >=10.0.20348.0
  constrains:
  - vs2015_runtime 14.40.33810.* *_22
  license: LicenseRef-MicrosoftVisualCpp2015-2022Runtime
  license_family: Proprietary
  size: 750719
  timestamp: 1728401055788
